{
  "version": 4,
  "terraform_version": "1.12.2",
  "serial": 34,
  "lineage": "b701ae48-08bb-dd12-80ff-1714aa3abd85",
  "outputs": {
    "kubeconfig_command": {
      "value": "oci ce cluster create-kubeconfig --cluster-id ocid1.cluster.oc1.af-johannesburg-1.aaaaaaaau2kquj3755fterg6eeb4f5omyi4egy5yut3d6xjsycqi5le5ifcq --file ./kubeconfig --region af-johannesburg-1 --token-version 2.0.0",
      "type": "string"
    },
    "private_subnet_id": {
      "value": "ocid1.subnet.oc1.af-johannesburg-1.aaaaaaaa4q27sbw6cpzeuwo6a7mkf7y7txgmmdid7cugsff75vea4pg5fwva",
      "type": "string"
    },
    "public_subnet_id": {
      "value": "ocid1.subnet.oc1.af-johannesburg-1.aaaaaaaae26zvuyhvgvvp5vjk7r6sgcausrtqr5gqpdjij46zxsjmpckmrla",
      "type": "string"
    },
    "vcn_id": {
      "value": "ocid1.vcn.oc1.af-johannesburg-1.amaaaaaaktlzfiqanl5yytdk7q7cufny3lwwubvetl65d25gfwmyc2zng6lq",
      "type": "string"
    }
  },
  "resources": [
    {
      "mode": "data",
      "type": "oci_core_services",
      "name": "all_services",
      "provider": "provider[\"registry.terraform.io/hashicorp/oci\"]",
      "instances": [
        {
          "schema_version": 0,
          "attributes": {
            "filter": null,
            "id": "CoreServicesDataSource-0",
            "services": [
              {
                "cidr_block": "oci-jnb-objectstorage",
                "description": "OCI JNB Object Storage",
                "id": "ocid1.service.oc1.af-johannesburg-1.aaaaaaaacmna2tldrco7xdysd3c67eslvdpofrkrd2e3sbb4n4x4ldnad7iq",
                "name": "OCI JNB Object Storage"
              },
              {
                "cidr_block": "all-jnb-services-in-oracle-services-network",
                "description": "All JNB Services In Oracle Services Network",
                "id": "ocid1.service.oc1.af-johannesburg-1.aaaaaaaautgvdbz6cqm7fw5og56g7ytwsbf2uuhtygnom7bpbqvwh6x42b6q",
                "name": "All JNB Services In Oracle Services Network"
              }
            ]
          },
          "sensitive_attributes": [],
          "identity_schema_version": 0
        }
      ]
    },
    {
      "mode": "managed",
      "type": "oci_containerengine_cluster",
      "name": "oke_cluster",
      "provider": "provider[\"registry.terraform.io/hashicorp/oci\"]",
      "instances": [
        {
          "schema_version": 0,
          "attributes": {
            "available_kubernetes_upgrades": [],
            "cluster_pod_network_options": [
              {
                "cni_type": "FLANNEL_OVERLAY"
              }
            ],
            "compartment_id": "ocid1.tenancy.oc1..aaaaaaaassu5ywtehwkdzrmnipb7rlfql65swqv2gfz6hvce6ez3qgzv7nsa",
            "defined_tags": {
              "Oracle-Tags.CreatedBy": "default/boitumelok.ngwenya@gmail.com",
              "Oracle-Tags.CreatedOn": "2025-07-01T06:32:23.864Z"
            },
            "endpoint_config": [
              {
                "is_public_ip_enabled": true,
                "nsg_ids": [],
                "subnet_id": "ocid1.subnet.oc1.af-johannesburg-1.aaaaaaaae26zvuyhvgvvp5vjk7r6sgcausrtqr5gqpdjij46zxsjmpckmrla"
              }
            ],
            "endpoints": [
              {
                "ipv6endpoint": "",
                "kubernetes": "",
                "private_endpoint": "10.0.1.155:6443",
                "public_endpoint": "84.8.136.16:6443",
                "vcn_hostname_endpoint": "cqi5le5ifcq.public.mivu.oraclevcn.com:6443"
              }
            ],
            "freeform_tags": {},
            "id": "ocid1.cluster.oc1.af-johannesburg-1.aaaaaaaau2kquj3755fterg6eeb4f5omyi4egy5yut3d6xjsycqi5le5ifcq",
            "image_policy_config": [
              {
                "is_policy_enabled": false,
                "key_details": []
              }
            ],
            "kms_key_id": null,
            "kubernetes_version": "v1.33.1",
            "lifecycle_details": null,
            "metadata": [
              {
                "created_by_user_id": "ocid1.user.oc1..aaaaaaaaqmiwrv2auk25ztc47zsxoi5wgnuuur3kreul3lb4xkaijfob6tnq",
                "created_by_work_request_id": "ocid1.clustersworkrequest.oc1.af-johannesburg-1.aaaaaaaad7bhp3zfyolo7fjxg2w2ck6bm4dlgvqflqc5j7ogjwxcwzdvuxsa",
                "deleted_by_user_id": "",
                "deleted_by_work_request_id": "",
                "time_created": "2025-07-01 06:32:24 +0000 UTC",
                "time_credential_expiration": "2030-07-01 06:32:52 +0000 UTC",
                "time_deleted": "",
                "time_updated": "",
                "updated_by_user_id": "",
                "updated_by_work_request_id": ""
              }
            ],
            "name": "mivu-oke-cluster",
            "open_id_connect_discovery_endpoint": null,
            "open_id_connect_discovery_key": null,
            "options": [
              {
                "add_ons": [
                  {
                    "is_kubernetes_dashboard_enabled": false,
                    "is_tiller_enabled": false
                  }
                ],
                "admission_controller_options": [
                  {
                    "is_pod_security_policy_enabled": false
                  }
                ],
                "ip_families": [
                  "IPv4"
                ],
                "kubernetes_network_config": [
                  {
                    "pods_cidr": "10.244.0.0/16",
                    "services_cidr": "10.96.0.0/16"
                  }
                ],
                "open_id_connect_discovery": [],
                "open_id_connect_token_authentication_config": [],
                "persistent_volume_config": [
                  {
                    "defined_tags": {},
                    "freeform_tags": {}
                  }
                ],
                "service_lb_config": [
                  {
                    "defined_tags": {},
                    "freeform_tags": {}
                  }
                ],
                "service_lb_subnet_ids": []
              }
            ],
            "state": "ACTIVE",
            "timeouts": null,
            "type": "BASIC_CLUSTER",
            "vcn_id": "ocid1.vcn.oc1.af-johannesburg-1.amaaaaaaktlzfiqanl5yytdk7q7cufny3lwwubvetl65d25gfwmyc2zng6lq"
          },
          "sensitive_attributes": [],
          "identity_schema_version": 0,
          "private": "eyJlMmJmYjczMC1lY2FhLTExZTYtOGY4OC0zNDM2M2JjN2M0YzAiOnsiY3JlYXRlIjozNjAwMDAwMDAwMDAwLCJkZWxldGUiOjM2MDAwMDAwMDAwMDAsInVwZGF0ZSI6MzYwMDAwMDAwMDAwMH19",
          "dependencies": [
            "oci_core_internet_gateway.igw",
            "oci_core_route_table.public",
            "oci_core_security_list.public",
            "oci_core_subnet.public",
            "oci_core_vcn.main"
          ]
        }
      ]
    },
    {
      "mode": "managed",
      "type": "oci_core_internet_gateway",
      "name": "igw",
      "provider": "provider[\"registry.terraform.io/hashicorp/oci\"]",
      "instances": [
        {
          "schema_version": 0,
          "attributes": {
            "compartment_id": "ocid1.tenancy.oc1..aaaaaaaassu5ywtehwkdzrmnipb7rlfql65swqv2gfz6hvce6ez3qgzv7nsa",
            "defined_tags": {
              "Oracle-Tags.CreatedBy": "default/boitumelok.ngwenya@gmail.com",
              "Oracle-Tags.CreatedOn": "2025-06-30T11:33:26.429Z"
            },
            "display_name": "internet-gateway",
            "enabled": true,
            "freeform_tags": {},
            "id": "ocid1.internetgateway.oc1.af-johannesburg-1.aaaaaaaawepxnwgricb3adex4qi4uybs62srvbyd3ls7obwk5jwn2zwivriq",
            "route_table_id": null,
            "state": "AVAILABLE",
            "time_created": "2025-06-30 11:33:26.451 +0000 UTC",
            "timeouts": null,
            "vcn_id": "ocid1.vcn.oc1.af-johannesburg-1.amaaaaaaktlzfiqanl5yytdk7q7cufny3lwwubvetl65d25gfwmyc2zng6lq"
          },
          "sensitive_attributes": [],
          "identity_schema_version": 0,
          "private": "eyJlMmJmYjczMC1lY2FhLTExZTYtOGY4OC0zNDM2M2JjN2M0YzAiOnsiY3JlYXRlIjoxMjAwMDAwMDAwMDAwLCJkZWxldGUiOjEyMDAwMDAwMDAwMDAsInVwZGF0ZSI6MTIwMDAwMDAwMDAwMH19",
          "dependencies": [
            "oci_core_vcn.main"
          ]
        }
      ]
    },
    {
      "mode": "managed",
      "type": "oci_core_nat_gateway",
      "name": "nat",
      "provider": "provider[\"registry.terraform.io/hashicorp/oci\"]",
      "instances": [
        {
          "schema_version": 0,
          "attributes": {
            "block_traffic": false,
            "compartment_id": "ocid1.tenancy.oc1..aaaaaaaassu5ywtehwkdzrmnipb7rlfql65swqv2gfz6hvce6ez3qgzv7nsa",
            "defined_tags": {
              "Oracle-Tags.CreatedBy": "default/boitumelok.ngwenya@gmail.com",
              "Oracle-Tags.CreatedOn": "2025-06-30T11:33:26.407Z"
            },
            "display_name": "nat-gateway",
            "freeform_tags": {},
            "id": "ocid1.natgateway.oc1.af-johannesburg-1.aaaaaaaagt6oykboupu7tuaec3mlkkxhf3j55egozcm3qbtoiephv5wmsxua",
            "nat_ip": "129.151.182.251",
            "public_ip_id": "ocid1.publicip.oc1.af-johannesburg-1.aaaaaaaa4rbqulwuzxo4nkq6ms5d3cu7lclbak6yv2qokwopcx6reo4475lq",
            "route_table_id": null,
            "state": "AVAILABLE",
            "time_created": "2025-06-30 11:33:26.545 +0000 UTC",
            "timeouts": null,
            "vcn_id": "ocid1.vcn.oc1.af-johannesburg-1.amaaaaaaktlzfiqanl5yytdk7q7cufny3lwwubvetl65d25gfwmyc2zng6lq"
          },
          "sensitive_attributes": [],
          "identity_schema_version": 0,
          "private": "eyJlMmJmYjczMC1lY2FhLTExZTYtOGY4OC0zNDM2M2JjN2M0YzAiOnsiY3JlYXRlIjoxMjAwMDAwMDAwMDAwLCJkZWxldGUiOjEyMDAwMDAwMDAwMDAsInVwZGF0ZSI6MTIwMDAwMDAwMDAwMH19",
          "dependencies": [
            "oci_core_vcn.main"
          ]
        }
      ]
    },
    {
      "mode": "managed",
      "type": "oci_core_route_table",
      "name": "private",
      "provider": "provider[\"registry.terraform.io/hashicorp/oci\"]",
      "instances": [
        {
          "schema_version": 0,
          "attributes": {
            "compartment_id": "ocid1.tenancy.oc1..aaaaaaaassu5ywtehwkdzrmnipb7rlfql65swqv2gfz6hvce6ez3qgzv7nsa",
            "defined_tags": {
              "Oracle-Tags.CreatedBy": "default/boitumelok.ngwenya@gmail.com",
              "Oracle-Tags.CreatedOn": "2025-06-30T11:37:04.218Z"
            },
            "display_name": "private-rt",
            "freeform_tags": {},
            "id": "ocid1.routetable.oc1.af-johannesburg-1.aaaaaaaauselebvuuvudwtpvwmld52xondglg6mcgc7nuri4ynjnmbu2vc6q",
            "route_rules": [
              {
                "cidr_block": "",
                "description": "",
                "destination": "0.0.0.0/0",
                "destination_type": "CIDR_BLOCK",
                "network_entity_id": "ocid1.natgateway.oc1.af-johannesburg-1.aaaaaaaagt6oykboupu7tuaec3mlkkxhf3j55egozcm3qbtoiephv5wmsxua",
                "route_type": ""
              },
              {
                "cidr_block": "",
                "description": "",
                "destination": "oci-jnb-objectstorage",
                "destination_type": "SERVICE_CIDR_BLOCK",
                "network_entity_id": "ocid1.servicegateway.oc1.af-johannesburg-1.aaaaaaaawq2rggumpttky4tm3voduoygkhctv4pkva6ivnowlzn5fg6xkt5a",
                "route_type": ""
              }
            ],
            "state": "AVAILABLE",
            "time_created": "2025-06-30 11:37:04.256 +0000 UTC",
            "timeouts": null,
            "vcn_id": "ocid1.vcn.oc1.af-johannesburg-1.amaaaaaaktlzfiqanl5yytdk7q7cufny3lwwubvetl65d25gfwmyc2zng6lq"
          },
          "sensitive_attributes": [],
          "identity_schema_version": 0,
          "private": "eyJlMmJmYjczMC1lY2FhLTExZTYtOGY4OC0zNDM2M2JjN2M0YzAiOnsiY3JlYXRlIjoxMjAwMDAwMDAwMDAwLCJkZWxldGUiOjEyMDAwMDAwMDAwMDAsInVwZGF0ZSI6MTIwMDAwMDAwMDAwMH19",
          "dependencies": [
            "data.oci_core_services.all_services",
            "oci_core_nat_gateway.nat",
            "oci_core_service_gateway.sgw",
            "oci_core_vcn.main"
          ]
        }
      ]
    },
    {
      "mode": "managed",
      "type": "oci_core_route_table",
      "name": "public",
      "provider": "provider[\"registry.terraform.io/hashicorp/oci\"]",
      "instances": [
        {
          "schema_version": 0,
          "attributes": {
            "compartment_id": "ocid1.tenancy.oc1..aaaaaaaassu5ywtehwkdzrmnipb7rlfql65swqv2gfz6hvce6ez3qgzv7nsa",
            "defined_tags": {
              "Oracle-Tags.CreatedBy": "default/boitumelok.ngwenya@gmail.com",
              "Oracle-Tags.CreatedOn": "2025-06-30T11:33:26.845Z"
            },
            "display_name": "public-rt",
            "freeform_tags": {},
            "id": "ocid1.routetable.oc1.af-johannesburg-1.aaaaaaaavw6cotb4nl35wdxbi6cr62dsa3kvu4uosvknjwbzqoz4xsvcdgoq",
            "route_rules": [
              {
                "cidr_block": "",
                "description": "",
                "destination": "0.0.0.0/0",
                "destination_type": "CIDR_BLOCK",
                "network_entity_id": "ocid1.internetgateway.oc1.af-johannesburg-1.aaaaaaaawepxnwgricb3adex4qi4uybs62srvbyd3ls7obwk5jwn2zwivriq",
                "route_type": ""
              }
            ],
            "state": "AVAILABLE",
            "time_created": "2025-06-30 11:33:26.861 +0000 UTC",
            "timeouts": null,
            "vcn_id": "ocid1.vcn.oc1.af-johannesburg-1.amaaaaaaktlzfiqanl5yytdk7q7cufny3lwwubvetl65d25gfwmyc2zng6lq"
          },
          "sensitive_attributes": [],
          "identity_schema_version": 0,
          "private": "eyJlMmJmYjczMC1lY2FhLTExZTYtOGY4OC0zNDM2M2JjN2M0YzAiOnsiY3JlYXRlIjoxMjAwMDAwMDAwMDAwLCJkZWxldGUiOjEyMDAwMDAwMDAwMDAsInVwZGF0ZSI6MTIwMDAwMDAwMDAwMH19",
          "dependencies": [
            "oci_core_internet_gateway.igw",
            "oci_core_vcn.main"
          ]
        }
      ]
    },
    {
      "mode": "managed",
      "type": "oci_core_security_list",
      "name": "private",
      "provider": "provider[\"registry.terraform.io/hashicorp/oci\"]",
      "instances": [
        {
          "schema_version": 0,
          "attributes": {
            "compartment_id": "ocid1.tenancy.oc1..aaaaaaaassu5ywtehwkdzrmnipb7rlfql65swqv2gfz6hvce6ez3qgzv7nsa",
            "defined_tags": {
              "Oracle-Tags.CreatedBy": "default/boitumelok.ngwenya@gmail.com",
              "Oracle-Tags.CreatedOn": "2025-06-30T11:33:26.423Z"
            },
            "display_name": "private-sec-list",
            "egress_security_rules": [
              {
                "description": "",
                "destination": "0.0.0.0/0",
                "destination_type": "CIDR_BLOCK",
                "icmp_options": [],
                "protocol": "all",
                "stateless": false,
                "tcp_options": [],
                "udp_options": []
              }
            ],
            "freeform_tags": {},
            "id": "ocid1.securitylist.oc1.af-johannesburg-1.aaaaaaaaqyjt3n2ai4r3kmkwzwk67mrcutqur2sxdpa5h5l5vaupr6vzihha",
            "ingress_security_rules": [
              {
                "description": "",
                "icmp_options": [],
                "protocol": "all",
                "source": "10.0.0.0/16",
                "source_type": "CIDR_BLOCK",
                "stateless": false,
                "tcp_options": [],
                "udp_options": []
              }
            ],
            "state": "AVAILABLE",
            "time_created": "2025-06-30 11:33:26.449 +0000 UTC",
            "timeouts": null,
            "vcn_id": "ocid1.vcn.oc1.af-johannesburg-1.amaaaaaaktlzfiqanl5yytdk7q7cufny3lwwubvetl65d25gfwmyc2zng6lq"
          },
          "sensitive_attributes": [],
          "identity_schema_version": 0,
          "private": "eyJlMmJmYjczMC1lY2FhLTExZTYtOGY4OC0zNDM2M2JjN2M0YzAiOnsiY3JlYXRlIjoxMjAwMDAwMDAwMDAwLCJkZWxldGUiOjEyMDAwMDAwMDAwMDAsInVwZGF0ZSI6MTIwMDAwMDAwMDAwMH19",
          "dependencies": [
            "oci_core_vcn.main"
          ]
        }
      ]
    },
    {
      "mode": "managed",
      "type": "oci_core_security_list",
      "name": "public",
      "provider": "provider[\"registry.terraform.io/hashicorp/oci\"]",
      "instances": [
        {
          "schema_version": 0,
          "attributes": {
            "compartment_id": "ocid1.tenancy.oc1..aaaaaaaassu5ywtehwkdzrmnipb7rlfql65swqv2gfz6hvce6ez3qgzv7nsa",
            "defined_tags": {
              "Oracle-Tags.CreatedBy": "default/boitumelok.ngwenya@gmail.com",
              "Oracle-Tags.CreatedOn": "2025-06-30T11:33:26.427Z"
            },
            "display_name": "public-sec-list",
            "egress_security_rules": [
              {
                "description": "",
                "destination": "0.0.0.0/0",
                "destination_type": "CIDR_BLOCK",
                "icmp_options": [],
                "protocol": "all",
                "stateless": false,
                "tcp_options": [],
                "udp_options": []
              }
            ],
            "freeform_tags": {},
            "id": "ocid1.securitylist.oc1.af-johannesburg-1.aaaaaaaab4c4d3gxzst3wfk3caaa67cy43b7frkcc7uexyzloga2ftn5ntta",
            "ingress_security_rules": [
              {
                "description": "",
                "icmp_options": [],
                "protocol": "6",
                "source": "0.0.0.0/0",
                "source_type": "CIDR_BLOCK",
                "stateless": false,
                "tcp_options": [
                  {
                    "max": 443,
                    "min": 80,
                    "source_port_range": []
                  }
                ],
                "udp_options": []
              },
              {
                "description": "",
                "icmp_options": [],
                "protocol": "6",
                "source": "10.0.0.0/16",
                "source_type": "CIDR_BLOCK",
                "stateless": false,
                "tcp_options": [
                  {
                    "max": 6443,
                    "min": 6443,
                    "source_port_range": []
                  }
                ],
                "udp_options": []
              }
            ],
            "state": "AVAILABLE",
            "time_created": "2025-06-30 11:33:26.473 +0000 UTC",
            "timeouts": null,
            "vcn_id": "ocid1.vcn.oc1.af-johannesburg-1.amaaaaaaktlzfiqanl5yytdk7q7cufny3lwwubvetl65d25gfwmyc2zng6lq"
          },
          "sensitive_attributes": [],
          "identity_schema_version": 0,
          "private": "eyJlMmJmYjczMC1lY2FhLTExZTYtOGY4OC0zNDM2M2JjN2M0YzAiOnsiY3JlYXRlIjoxMjAwMDAwMDAwMDAwLCJkZWxldGUiOjEyMDAwMDAwMDAwMDAsInVwZGF0ZSI6MTIwMDAwMDAwMDAwMH19",
          "dependencies": [
            "oci_core_vcn.main"
          ]
        }
      ]
    },
    {
      "mode": "managed",
      "type": "oci_core_service_gateway",
      "name": "sgw",
      "provider": "provider[\"registry.terraform.io/hashicorp/oci\"]",
      "instances": [
        {
          "schema_version": 0,
          "attributes": {
            "block_traffic": false,
            "compartment_id": "ocid1.tenancy.oc1..aaaaaaaassu5ywtehwkdzrmnipb7rlfql65swqv2gfz6hvce6ez3qgzv7nsa",
            "defined_tags": {
              "Oracle-Tags.CreatedBy": "default/boitumelok.ngwenya@gmail.com",
              "Oracle-Tags.CreatedOn": "2025-06-30T11:33:26.421Z"
            },
            "display_name": "servicegateway20250630113329",
            "freeform_tags": {},
            "id": "ocid1.servicegateway.oc1.af-johannesburg-1.aaaaaaaawq2rggumpttky4tm3voduoygkhctv4pkva6ivnowlzn5fg6xkt5a",
            "route_table_id": null,
            "services": [
              {
                "service_id": "ocid1.service.oc1.af-johannesburg-1.aaaaaaaacmna2tldrco7xdysd3c67eslvdpofrkrd2e3sbb4n4x4ldnad7iq",
                "service_name": "OCI JNB Object Storage"
              }
            ],
            "state": "AVAILABLE",
            "time_created": "2025-06-30 11:33:29.571 +0000 UTC",
            "timeouts": null,
            "vcn_id": "ocid1.vcn.oc1.af-johannesburg-1.amaaaaaaktlzfiqanl5yytdk7q7cufny3lwwubvetl65d25gfwmyc2zng6lq"
          },
          "sensitive_attributes": [],
          "identity_schema_version": 0,
          "private": "eyJlMmJmYjczMC1lY2FhLTExZTYtOGY4OC0zNDM2M2JjN2M0YzAiOnsiY3JlYXRlIjoxMjAwMDAwMDAwMDAwLCJkZWxldGUiOjEyMDAwMDAwMDAwMDAsInVwZGF0ZSI6MTIwMDAwMDAwMDAwMH19",
          "dependencies": [
            "data.oci_core_services.all_services",
            "oci_core_vcn.main"
          ]
        }
      ]
    },
    {
      "mode": "managed",
      "type": "oci_core_subnet",
      "name": "private",
      "provider": "provider[\"registry.terraform.io/hashicorp/oci\"]",
      "instances": [
        {
          "schema_version": 0,
          "attributes": {
            "availability_domain": null,
            "cidr_block": "10.0.2.0/24",
            "compartment_id": "ocid1.tenancy.oc1..aaaaaaaassu5ywtehwkdzrmnipb7rlfql65swqv2gfz6hvce6ez3qgzv7nsa",
            "defined_tags": {
              "Oracle-Tags.CreatedBy": "default/boitumelok.ngwenya@gmail.com",
              "Oracle-Tags.CreatedOn": "2025-06-30T11:37:04.617Z"
            },
            "dhcp_options_id": "ocid1.dhcpoptions.oc1.af-johannesburg-1.aaaaaaaa3wfmbgiwiahjl5dth4gmkpokurgprr6fc5j62y3k35fzw3hhoigq",
            "display_name": "private-subnet",
            "dns_label": "private",
            "freeform_tags": {},
            "id": "ocid1.subnet.oc1.af-johannesburg-1.aaaaaaaa4q27sbw6cpzeuwo6a7mkf7y7txgmmdid7cugsff75vea4pg5fwva",
            "ipv6cidr_block": null,
            "ipv6cidr_blocks": [],
            "ipv6virtual_router_ip": null,
            "prohibit_internet_ingress": true,
            "prohibit_public_ip_on_vnic": true,
            "route_table_id": "ocid1.routetable.oc1.af-johannesburg-1.aaaaaaaauselebvuuvudwtpvwmld52xondglg6mcgc7nuri4ynjnmbu2vc6q",
            "security_list_ids": [
              "ocid1.securitylist.oc1.af-johannesburg-1.aaaaaaaaqyjt3n2ai4r3kmkwzwk67mrcutqur2sxdpa5h5l5vaupr6vzihha"
            ],
            "state": "AVAILABLE",
            "subnet_domain_name": "private.mivu.oraclevcn.com",
            "time_created": "2025-06-30 11:37:04.654 +0000 UTC",
            "timeouts": null,
            "vcn_id": "ocid1.vcn.oc1.af-johannesburg-1.amaaaaaaktlzfiqanl5yytdk7q7cufny3lwwubvetl65d25gfwmyc2zng6lq",
            "virtual_router_ip": "10.0.2.1",
            "virtual_router_mac": "00:00:17:AF:35:59"
          },
          "sensitive_attributes": [],
          "identity_schema_version": 0,
          "private": "eyJlMmJmYjczMC1lY2FhLTExZTYtOGY4OC0zNDM2M2JjN2M0YzAiOnsiY3JlYXRlIjoxMjAwMDAwMDAwMDAwLCJkZWxldGUiOjEyMDAwMDAwMDAwMDAsInVwZGF0ZSI6MTIwMDAwMDAwMDAwMH19",
          "dependencies": [
            "data.oci_core_services.all_services",
            "oci_core_nat_gateway.nat",
            "oci_core_route_table.private",
            "oci_core_security_list.private",
            "oci_core_service_gateway.sgw",
            "oci_core_vcn.main"
          ]
        }
      ]
    },
    {
      "mode": "managed",
      "type": "oci_core_subnet",
      "name": "public",
      "provider": "provider[\"registry.terraform.io/hashicorp/oci\"]",
      "instances": [
        {
          "schema_version": 0,
          "attributes": {
            "availability_domain": null,
            "cidr_block": "10.0.1.0/24",
            "compartment_id": "ocid1.tenancy.oc1..aaaaaaaassu5ywtehwkdzrmnipb7rlfql65swqv2gfz6hvce6ez3qgzv7nsa",
            "defined_tags": {
              "Oracle-Tags.CreatedBy": "default/boitumelok.ngwenya@gmail.com",
              "Oracle-Tags.CreatedOn": "2025-06-30T11:33:27.173Z"
            },
            "dhcp_options_id": "ocid1.dhcpoptions.oc1.af-johannesburg-1.aaaaaaaa3wfmbgiwiahjl5dth4gmkpokurgprr6fc5j62y3k35fzw3hhoigq",
            "display_name": "public-subnet",
            "dns_label": "public",
            "freeform_tags": {},
            "id": "ocid1.subnet.oc1.af-johannesburg-1.aaaaaaaae26zvuyhvgvvp5vjk7r6sgcausrtqr5gqpdjij46zxsjmpckmrla",
            "ipv6cidr_block": null,
            "ipv6cidr_blocks": [],
            "ipv6virtual_router_ip": null,
            "prohibit_internet_ingress": false,
            "prohibit_public_ip_on_vnic": false,
            "route_table_id": "ocid1.routetable.oc1.af-johannesburg-1.aaaaaaaavw6cotb4nl35wdxbi6cr62dsa3kvu4uosvknjwbzqoz4xsvcdgoq",
            "security_list_ids": [
              "ocid1.securitylist.oc1.af-johannesburg-1.aaaaaaaab4c4d3gxzst3wfk3caaa67cy43b7frkcc7uexyzloga2ftn5ntta"
            ],
            "state": "AVAILABLE",
            "subnet_domain_name": "public.mivu.oraclevcn.com",
            "time_created": "2025-06-30 11:33:27.207 +0000 UTC",
            "timeouts": null,
            "vcn_id": "ocid1.vcn.oc1.af-johannesburg-1.amaaaaaaktlzfiqanl5yytdk7q7cufny3lwwubvetl65d25gfwmyc2zng6lq",
            "virtual_router_ip": "10.0.1.1",
            "virtual_router_mac": "00:00:17:AF:35:59"
          },
          "sensitive_attributes": [],
          "identity_schema_version": 0,
          "private": "eyJlMmJmYjczMC1lY2FhLTExZTYtOGY4OC0zNDM2M2JjN2M0YzAiOnsiY3JlYXRlIjoxMjAwMDAwMDAwMDAwLCJkZWxldGUiOjEyMDAwMDAwMDAwMDAsInVwZGF0ZSI6MTIwMDAwMDAwMDAwMH19",
          "dependencies": [
            "oci_core_internet_gateway.igw",
            "oci_core_route_table.public",
            "oci_core_security_list.public",
            "oci_core_vcn.main"
          ]
        }
      ]
    },
    {
      "mode": "managed",
      "type": "oci_core_vcn",
      "name": "main",
      "provider": "provider[\"registry.terraform.io/hashicorp/oci\"]",
      "instances": [
        {
          "schema_version": 0,
          "attributes": {
            "byoipv6cidr_blocks": [],
            "byoipv6cidr_details": [],
            "cidr_block": "10.0.0.0/16",
            "cidr_blocks": [
              "10.0.0.0/16"
            ],
            "compartment_id": "ocid1.tenancy.oc1..aaaaaaaassu5ywtehwkdzrmnipb7rlfql65swqv2gfz6hvce6ez3qgzv7nsa",
            "default_dhcp_options_id": "ocid1.dhcpoptions.oc1.af-johannesburg-1.aaaaaaaa3wfmbgiwiahjl5dth4gmkpokurgprr6fc5j62y3k35fzw3hhoigq",
            "default_route_table_id": "ocid1.routetable.oc1.af-johannesburg-1.aaaaaaaaupn2ec37gbavkgxdk472z3fka6nv3fhg7zwsvcnauua5zrp2ghja",
            "default_security_list_id": "ocid1.securitylist.oc1.af-johannesburg-1.aaaaaaaatekdc74wtqsytfb7tks6gv56mbnipwihg3zm73uowjr3k6qx4xkq",
            "defined_tags": {
              "Oracle-Tags.CreatedBy": "default/boitumelok.ngwenya@gmail.com",
              "Oracle-Tags.CreatedOn": "2025-06-30T11:33:25.857Z"
            },
            "display_name": "mivu-vcn",
            "dns_label": "mivu",
            "freeform_tags": {},
            "id": "ocid1.vcn.oc1.af-johannesburg-1.amaaaaaaktlzfiqanl5yytdk7q7cufny3lwwubvetl65d25gfwmyc2zng6lq",
            "ipv6cidr_blocks": [],
            "ipv6private_cidr_blocks": [],
            "is_ipv6enabled": false,
            "is_oracle_gua_allocation_enabled": null,
            "security_attributes": {},
            "state": "AVAILABLE",
            "time_created": "2025-06-30 11:33:25.925 +0000 UTC",
            "timeouts": null,
            "vcn_domain_name": "mivu.oraclevcn.com"
          },
          "sensitive_attributes": [],
          "identity_schema_version": 0,
          "private": "eyJlMmJmYjczMC1lY2FhLTExZTYtOGY4OC0zNDM2M2JjN2M0YzAiOnsiY3JlYXRlIjoxMjAwMDAwMDAwMDAwLCJkZWxldGUiOjEyMDAwMDAwMDAwMDAsInVwZGF0ZSI6MTIwMDAwMDAwMDAwMH19"
        }
      ]
    }
  ],
  "check_results": null
}
